{
  "name": "imdikator",
  "version": "0.0.0",
  "dependencies": {
    "bluebird": {
      "version": "2.10.0",
      "from": "https://registry.npmjs.org/bluebird/-/bluebird-2.10.0.tgz",
      "resolved": "https://registry.npmjs.org/bluebird/-/bluebird-2.10.0.tgz"
    },
    "closest": {
      "version": "0.0.1",
      "from": "https://registry.npmjs.org/closest/-/closest-0.0.1.tgz",
      "resolved": "https://registry.npmjs.org/closest/-/closest-0.0.1.tgz",
      "dependencies": {
        "matches-selector": {
          "version": "0.0.1",
          "from": "https://registry.npmjs.org/matches-selector/-/matches-selector-0.0.1.tgz",
          "resolved": "https://registry.npmjs.org/matches-selector/-/matches-selector-0.0.1.tgz"
        }
      }
    },
    "d3": {
      "version": "3.5.6",
      "from": "https://registry.npmjs.org/d3/-/d3-3.5.6.tgz",
      "resolved": "https://registry.npmjs.org/d3/-/d3-3.5.6.tgz"
    },
    "debug": {
      "version": "2.2.0",
      "from": "debug@>=2.1.3 <3.0.0",
      "resolved": "https://registry.npmjs.org/debug/-/debug-2.2.0.tgz",
      "dependencies": {
        "ms": {
          "version": "0.7.1",
          "from": "ms@0.7.1",
          "resolved": "https://registry.npmjs.org/ms/-/ms-0.7.1.tgz"
        }
      }
    },
    "dotty": {
      "version": "0.0.2",
      "from": "dotty@0.0.2",
      "resolved": "https://registry.npmjs.org/dotty/-/dotty-0.0.2.tgz"
    },
    "duplexify": {
      "version": "3.4.2",
      "from": "https://registry.npmjs.org/duplexify/-/duplexify-3.4.2.tgz",
      "resolved": "https://registry.npmjs.org/duplexify/-/duplexify-3.4.2.tgz",
      "dependencies": {
        "end-of-stream": {
          "version": "1.0.0",
          "from": "https://registry.npmjs.org/end-of-stream/-/end-of-stream-1.0.0.tgz",
          "resolved": "https://registry.npmjs.org/end-of-stream/-/end-of-stream-1.0.0.tgz"
        },
        "readable-stream": {
          "version": "2.0.2",
          "from": "https://registry.npmjs.org/readable-stream/-/readable-stream-2.0.2.tgz",
          "resolved": "https://registry.npmjs.org/readable-stream/-/readable-stream-2.0.2.tgz",
          "dependencies": {
            "core-util-is": {
              "version": "1.0.1",
              "from": "https://registry.npmjs.org/core-util-is/-/core-util-is-1.0.1.tgz",
              "resolved": "https://registry.npmjs.org/core-util-is/-/core-util-is-1.0.1.tgz"
            },
            "inherits": {
              "version": "2.0.1",
              "from": "https://registry.npmjs.org/inherits/-/inherits-2.0.1.tgz",
              "resolved": "https://registry.npmjs.org/inherits/-/inherits-2.0.1.tgz"
            },
            "isarray": {
              "version": "0.0.1",
              "from": "https://registry.npmjs.org/isarray/-/isarray-0.0.1.tgz",
              "resolved": "https://registry.npmjs.org/isarray/-/isarray-0.0.1.tgz"
            },
            "process-nextick-args": {
              "version": "1.0.2",
              "from": "https://registry.npmjs.org/process-nextick-args/-/process-nextick-args-1.0.2.tgz",
              "resolved": "https://registry.npmjs.org/process-nextick-args/-/process-nextick-args-1.0.2.tgz"
            },
            "string_decoder": {
              "version": "0.10.31",
              "from": "https://registry.npmjs.org/string_decoder/-/string_decoder-0.10.31.tgz",
              "resolved": "https://registry.npmjs.org/string_decoder/-/string_decoder-0.10.31.tgz"
            },
            "util-deprecate": {
              "version": "1.0.1",
              "from": "https://registry.npmjs.org/util-deprecate/-/util-deprecate-1.0.1.tgz",
              "resolved": "https://registry.npmjs.org/util-deprecate/-/util-deprecate-1.0.1.tgz"
            }
          }
        }
      }
    },
    "http-browserify": {
      "version": "1.7.0",
      "from": "git://github.com/bjoerge/http-browserify.git#4a325fa51fa2fd2570dde40934e268293396e5b6",
      "resolved": "git://github.com/bjoerge/http-browserify.git#4a325fa51fa2fd2570dde40934e268293396e5b6",
      "dependencies": {
        "Base64": {
          "version": "0.2.1",
          "from": "https://registry.npmjs.org/Base64/-/Base64-0.2.1.tgz",
          "resolved": "https://registry.npmjs.org/Base64/-/Base64-0.2.1.tgz"
        },
        "inherits": {
          "version": "2.0.1",
          "from": "https://registry.npmjs.org/inherits/-/inherits-2.0.1.tgz",
          "resolved": "https://registry.npmjs.org/inherits/-/inherits-2.0.1.tgz"
        }
      }
    },
    "http-hash": {
      "version": "2.0.0",
      "from": "https://registry.npmjs.org/http-hash/-/http-hash-2.0.0.tgz",
      "resolved": "https://registry.npmjs.org/http-hash/-/http-hash-2.0.0.tgz"
    },
    "imdi-styles": {
      "version": "0.0.0",
      "from": "netliferesearch/imdi-styles",
      "resolved": "git+ssh://git@github.com/netliferesearch/imdi-styles.git#9b4eb9be1e67bd7919e81d80059d641f9cbd4fb9"
    },
    "lodash": {
      "version": "3.10.1",
      "from": "https://registry.npmjs.org/lodash/-/lodash-3.10.1.tgz",
      "resolved": "https://registry.npmjs.org/lodash/-/lodash-3.10.1.tgz"
    },
    "once": {
      "version": "1.3.2",
      "from": "once@>=1.3.1 <2.0.0",
      "resolved": "https://registry.npmjs.org/once/-/once-1.3.2.tgz",
      "dependencies": {
        "wrappy": {
          "version": "1.0.1",
          "from": "wrappy@>=1.0.0 <2.0.0",
          "resolved": "https://registry.npmjs.org/wrappy/-/wrappy-1.0.1.tgz"
        }
      }
    },
    "qs": {
      "version": "4.0.0",
      "from": "https://registry.npmjs.org/qs/-/qs-4.0.0.tgz",
      "resolved": "https://registry.npmjs.org/qs/-/qs-4.0.0.tgz"
    },
    "react": {
      "version": "0.13.3",
      "from": "https://registry.npmjs.org/react/-/react-0.13.3.tgz",
      "resolved": "https://registry.npmjs.org/react/-/react-0.13.3.tgz"
    },
    "react-autocomplete": {
      "version": "0.1.4",
      "from": "https://registry.npmjs.org/react-autocomplete/-/react-autocomplete-0.1.4.tgz",
      "resolved": "https://registry.npmjs.org/react-autocomplete/-/react-autocomplete-0.1.4.tgz",
      "dependencies": {
        "dom-scroll-into-view": {
          "version": "1.0.1",
          "from": "https://registry.npmjs.org/dom-scroll-into-view/-/dom-scroll-into-view-1.0.1.tgz",
          "resolved": "https://registry.npmjs.org/dom-scroll-into-view/-/dom-scroll-into-view-1.0.1.tgz"
        }
      }
    },
    "react-redux": {
      "version": "2.1.2",
      "from": "https://registry.npmjs.org/react-redux/-/react-redux-2.1.2.tgz",
      "resolved": "https://registry.npmjs.org/react-redux/-/react-redux-2.1.2.tgz",
      "dependencies": {
        "invariant": {
          "version": "2.1.0",
          "from": "https://registry.npmjs.org/invariant/-/invariant-2.1.0.tgz",
          "resolved": "https://registry.npmjs.org/invariant/-/invariant-2.1.0.tgz"
        }
      }
    },
    "redux": {
      "version": "3.0.0",
      "from": "https://registry.npmjs.org/redux/-/redux-3.0.0.tgz",
      "resolved": "https://registry.npmjs.org/redux/-/redux-3.0.0.tgz"
    },
    "redux-promise": {
      "version": "0.5.0",
      "from": "https://registry.npmjs.org/redux-promise/-/redux-promise-0.5.0.tgz",
      "resolved": "https://registry.npmjs.org/redux-promise/-/redux-promise-0.5.0.tgz",
      "dependencies": {
        "flux-standard-action": {
          "version": "0.6.0",
          "from": "https://registry.npmjs.org/flux-standard-action/-/flux-standard-action-0.6.0.tgz",
          "resolved": "https://registry.npmjs.org/flux-standard-action/-/flux-standard-action-0.6.0.tgz",
          "dependencies": {
            "lodash.isplainobject": {
              "version": "3.2.0",
              "from": "https://registry.npmjs.org/lodash.isplainobject/-/lodash.isplainobject-3.2.0.tgz",
              "resolved": "https://registry.npmjs.org/lodash.isplainobject/-/lodash.isplainobject-3.2.0.tgz",
              "dependencies": {
                "lodash._basefor": {
                  "version": "3.0.2",
                  "from": "https://registry.npmjs.org/lodash._basefor/-/lodash._basefor-3.0.2.tgz",
                  "resolved": "https://registry.npmjs.org/lodash._basefor/-/lodash._basefor-3.0.2.tgz"
                },
                "lodash.isarguments": {
                  "version": "3.0.4",
                  "from": "https://registry.npmjs.org/lodash.isarguments/-/lodash.isarguments-3.0.4.tgz",
                  "resolved": "https://registry.npmjs.org/lodash.isarguments/-/lodash.isarguments-3.0.4.tgz"
                },
                "lodash.keysin": {
                  "version": "3.0.8",
                  "from": "https://registry.npmjs.org/lodash.keysin/-/lodash.keysin-3.0.8.tgz",
                  "resolved": "https://registry.npmjs.org/lodash.keysin/-/lodash.keysin-3.0.8.tgz",
                  "dependencies": {
                    "lodash.isarray": {
                      "version": "3.0.4",
                      "from": "https://registry.npmjs.org/lodash.isarray/-/lodash.isarray-3.0.4.tgz",
                      "resolved": "https://registry.npmjs.org/lodash.isarray/-/lodash.isarray-3.0.4.tgz"
                    }
                  }
                }
              }
            }
          }
        }
      }
    },
    "redux-thunk": {
      "version": "0.1.0",
      "from": "https://registry.npmjs.org/redux-thunk/-/redux-thunk-0.1.0.tgz",
      "resolved": "https://registry.npmjs.org/redux-thunk/-/redux-thunk-0.1.0.tgz"
    },
    "sigmund": {
      "version": "1.0.1",
      "from": "sigmund@>=1.0.0 <2.0.0",
      "resolved": "https://registry.npmjs.org/sigmund/-/sigmund-1.0.1.tgz"
    },
    "topojson": {
      "version": "1.6.19",
      "from": "https://registry.npmjs.org/topojson/-/topojson-1.6.19.tgz",
      "resolved": "https://registry.npmjs.org/topojson/-/topojson-1.6.19.tgz",
      "dependencies": {
        "d3-geo-projection": {
          "version": "0.2.15",
          "from": "https://registry.npmjs.org/d3-geo-projection/-/d3-geo-projection-0.2.15.tgz",
          "resolved": "https://registry.npmjs.org/d3-geo-projection/-/d3-geo-projection-0.2.15.tgz",
          "dependencies": {
            "brfs": {
              "version": "1.4.1",
              "from": "https://registry.npmjs.org/brfs/-/brfs-1.4.1.tgz",
              "resolved": "https://registry.npmjs.org/brfs/-/brfs-1.4.1.tgz",
              "dependencies": {
                "quote-stream": {
                  "version": "1.0.2",
                  "from": "https://registry.npmjs.org/quote-stream/-/quote-stream-1.0.2.tgz",
                  "resolved": "https://registry.npmjs.org/quote-stream/-/quote-stream-1.0.2.tgz",
                  "dependencies": {
                    "buffer-equal": {
                      "version": "0.0.1",
                      "from": "https://registry.npmjs.org/buffer-equal/-/buffer-equal-0.0.1.tgz",
                      "resolved": "https://registry.npmjs.org/buffer-equal/-/buffer-equal-0.0.1.tgz"
                    },
                    "minimist": {
                      "version": "1.2.0",
                      "from": "https://registry.npmjs.org/minimist/-/minimist-1.2.0.tgz",
                      "resolved": "https://registry.npmjs.org/minimist/-/minimist-1.2.0.tgz"
                    }
                  }
                },
                "resolve": {
                  "version": "1.1.6",
                  "from": "https://registry.npmjs.org/resolve/-/resolve-1.1.6.tgz",
                  "resolved": "https://registry.npmjs.org/resolve/-/resolve-1.1.6.tgz"
                },
                "static-module": {
                  "version": "1.1.3",
                  "from": "https://registry.npmjs.org/static-module/-/static-module-1.1.3.tgz",
                  "resolved": "https://registry.npmjs.org/static-module/-/static-module-1.1.3.tgz",
                  "dependencies": {
                    "concat-stream": {
                      "version": "1.4.10",
                      "from": "https://registry.npmjs.org/concat-stream/-/concat-stream-1.4.10.tgz",
                      "resolved": "https://registry.npmjs.org/concat-stream/-/concat-stream-1.4.10.tgz",
                      "dependencies": {
                        "inherits": {
                          "version": "2.0.1",
                          "from": "https://registry.npmjs.org/inherits/-/inherits-2.0.1.tgz",
                          "resolved": "https://registry.npmjs.org/inherits/-/inherits-2.0.1.tgz"
                        },
                        "typedarray": {
                          "version": "0.0.6",
                          "from": "https://registry.npmjs.org/typedarray/-/typedarray-0.0.6.tgz",
                          "resolved": "https://registry.npmjs.org/typedarray/-/typedarray-0.0.6.tgz"
                        },
                        "readable-stream": {
                          "version": "1.1.13",
                          "from": "https://registry.npmjs.org/readable-stream/-/readable-stream-1.1.13.tgz",
                          "resolved": "https://registry.npmjs.org/readable-stream/-/readable-stream-1.1.13.tgz",
                          "dependencies": {
                            "core-util-is": {
                              "version": "1.0.1",
                              "from": "https://registry.npmjs.org/core-util-is/-/core-util-is-1.0.1.tgz",
                              "resolved": "https://registry.npmjs.org/core-util-is/-/core-util-is-1.0.1.tgz"
                            },
                            "isarray": {
                              "version": "0.0.1",
                              "from": "https://registry.npmjs.org/isarray/-/isarray-0.0.1.tgz",
                              "resolved": "https://registry.npmjs.org/isarray/-/isarray-0.0.1.tgz"
                            },
                            "string_decoder": {
                              "version": "0.10.31",
                              "from": "https://registry.npmjs.org/string_decoder/-/string_decoder-0.10.31.tgz",
                              "resolved": "https://registry.npmjs.org/string_decoder/-/string_decoder-0.10.31.tgz"
                            }
                          }
                        }
                      }
                    },
                    "duplexer2": {
                      "version": "0.0.2",
                      "from": "https://registry.npmjs.org/duplexer2/-/duplexer2-0.0.2.tgz",
                      "resolved": "https://registry.npmjs.org/duplexer2/-/duplexer2-0.0.2.tgz",
                      "dependencies": {
                        "readable-stream": {
                          "version": "1.1.13",
                          "from": "https://registry.npmjs.org/readable-stream/-/readable-stream-1.1.13.tgz",
                          "resolved": "https://registry.npmjs.org/readable-stream/-/readable-stream-1.1.13.tgz",
                          "dependencies": {
                            "core-util-is": {
                              "version": "1.0.1",
                              "from": "https://registry.npmjs.org/core-util-is/-/core-util-is-1.0.1.tgz",
                              "resolved": "https://registry.npmjs.org/core-util-is/-/core-util-is-1.0.1.tgz"
                            },
                            "isarray": {
                              "version": "0.0.1",
                              "from": "https://registry.npmjs.org/isarray/-/isarray-0.0.1.tgz",
                              "resolved": "https://registry.npmjs.org/isarray/-/isarray-0.0.1.tgz"
                            },
                            "string_decoder": {
                              "version": "0.10.31",
                              "from": "https://registry.npmjs.org/string_decoder/-/string_decoder-0.10.31.tgz",
                              "resolved": "https://registry.npmjs.org/string_decoder/-/string_decoder-0.10.31.tgz"
                            },
                            "inherits": {
                              "version": "2.0.1",
                              "from": "https://registry.npmjs.org/inherits/-/inherits-2.0.1.tgz",
                              "resolved": "https://registry.npmjs.org/inherits/-/inherits-2.0.1.tgz"
                            }
                          }
                        }
                      }
                    },
                    "escodegen": {
                      "version": "1.3.3",
                      "from": "https://registry.npmjs.org/escodegen/-/escodegen-1.3.3.tgz",
                      "resolved": "https://registry.npmjs.org/escodegen/-/escodegen-1.3.3.tgz",
                      "dependencies": {
                        "esutils": {
                          "version": "1.0.0",
                          "from": "https://registry.npmjs.org/esutils/-/esutils-1.0.0.tgz",
                          "resolved": "https://registry.npmjs.org/esutils/-/esutils-1.0.0.tgz"
                        },
                        "estraverse": {
                          "version": "1.5.1",
                          "from": "https://registry.npmjs.org/estraverse/-/estraverse-1.5.1.tgz",
                          "resolved": "https://registry.npmjs.org/estraverse/-/estraverse-1.5.1.tgz"
                        },
                        "esprima": {
                          "version": "1.1.1",
                          "from": "https://registry.npmjs.org/esprima/-/esprima-1.1.1.tgz",
                          "resolved": "https://registry.npmjs.org/esprima/-/esprima-1.1.1.tgz"
                        },
                        "source-map": {
                          "version": "0.1.43",
                          "from": "https://registry.npmjs.org/source-map/-/source-map-0.1.43.tgz",
                          "resolved": "https://registry.npmjs.org/source-map/-/source-map-0.1.43.tgz",
                          "dependencies": {
                            "amdefine": {
                              "version": "1.0.0",
                              "from": "https://registry.npmjs.org/amdefine/-/amdefine-1.0.0.tgz",
                              "resolved": "https://registry.npmjs.org/amdefine/-/amdefine-1.0.0.tgz"
                            }
                          }
                        }
                      }
                    },
                    "falafel": {
                      "version": "1.2.0",
                      "from": "https://registry.npmjs.org/falafel/-/falafel-1.2.0.tgz",
                      "resolved": "https://registry.npmjs.org/falafel/-/falafel-1.2.0.tgz",
                      "dependencies": {
                        "acorn": {
                          "version": "1.2.2",
                          "from": "https://registry.npmjs.org/acorn/-/acorn-1.2.2.tgz",
                          "resolved": "https://registry.npmjs.org/acorn/-/acorn-1.2.2.tgz"
                        },
                        "foreach": {
                          "version": "2.0.5",
                          "from": "https://registry.npmjs.org/foreach/-/foreach-2.0.5.tgz",
                          "resolved": "https://registry.npmjs.org/foreach/-/foreach-2.0.5.tgz"
                        },
                        "isarray": {
                          "version": "0.0.1",
                          "from": "https://registry.npmjs.org/isarray/-/isarray-0.0.1.tgz",
                          "resolved": "https://registry.npmjs.org/isarray/-/isarray-0.0.1.tgz"
                        },
                        "object-keys": {
                          "version": "1.0.7",
                          "from": "https://registry.npmjs.org/object-keys/-/object-keys-1.0.7.tgz",
                          "resolved": "https://registry.npmjs.org/object-keys/-/object-keys-1.0.7.tgz"
                        }
                      }
                    },
                    "has": {
                      "version": "1.0.1",
                      "from": "https://registry.npmjs.org/has/-/has-1.0.1.tgz",
                      "resolved": "https://registry.npmjs.org/has/-/has-1.0.1.tgz",
                      "dependencies": {
                        "function-bind": {
                          "version": "1.0.2",
                          "from": "https://registry.npmjs.org/function-bind/-/function-bind-1.0.2.tgz",
                          "resolved": "https://registry.npmjs.org/function-bind/-/function-bind-1.0.2.tgz"
                        }
                      }
                    },
                    "object-inspect": {
                      "version": "0.4.0",
                      "from": "https://registry.npmjs.org/object-inspect/-/object-inspect-0.4.0.tgz",
                      "resolved": "https://registry.npmjs.org/object-inspect/-/object-inspect-0.4.0.tgz"
                    },
                    "quote-stream": {
                      "version": "0.0.0",
                      "from": "https://registry.npmjs.org/quote-stream/-/quote-stream-0.0.0.tgz",
                      "resolved": "https://registry.npmjs.org/quote-stream/-/quote-stream-0.0.0.tgz",
                      "dependencies": {
                        "minimist": {
                          "version": "0.0.8",
                          "from": "https://registry.npmjs.org/minimist/-/minimist-0.0.8.tgz",
                          "resolved": "https://registry.npmjs.org/minimist/-/minimist-0.0.8.tgz"
                        }
                      }
                    },
                    "readable-stream": {
                      "version": "1.0.33",
                      "from": "https://registry.npmjs.org/readable-stream/-/readable-stream-1.0.33.tgz",
                      "resolved": "https://registry.npmjs.org/readable-stream/-/readable-stream-1.0.33.tgz",
                      "dependencies": {
                        "core-util-is": {
                          "version": "1.0.1",
                          "from": "https://registry.npmjs.org/core-util-is/-/core-util-is-1.0.1.tgz",
                          "resolved": "https://registry.npmjs.org/core-util-is/-/core-util-is-1.0.1.tgz"
                        },
                        "isarray": {
                          "version": "0.0.1",
                          "from": "https://registry.npmjs.org/isarray/-/isarray-0.0.1.tgz",
                          "resolved": "https://registry.npmjs.org/isarray/-/isarray-0.0.1.tgz"
                        },
                        "string_decoder": {
                          "version": "0.10.31",
                          "from": "https://registry.npmjs.org/string_decoder/-/string_decoder-0.10.31.tgz",
                          "resolved": "https://registry.npmjs.org/string_decoder/-/string_decoder-0.10.31.tgz"
                        },
                        "inherits": {
                          "version": "2.0.1",
                          "from": "https://registry.npmjs.org/inherits/-/inherits-2.0.1.tgz",
                          "resolved": "https://registry.npmjs.org/inherits/-/inherits-2.0.1.tgz"
                        }
                      }
                    },
                    "shallow-copy": {
                      "version": "0.0.1",
                      "from": "https://registry.npmjs.org/shallow-copy/-/shallow-copy-0.0.1.tgz",
                      "resolved": "https://registry.npmjs.org/shallow-copy/-/shallow-copy-0.0.1.tgz"
                    },
                    "static-eval": {
                      "version": "0.2.4",
                      "from": "https://registry.npmjs.org/static-eval/-/static-eval-0.2.4.tgz",
                      "resolved": "https://registry.npmjs.org/static-eval/-/static-eval-0.2.4.tgz",
                      "dependencies": {
                        "escodegen": {
                          "version": "0.0.28",
                          "from": "https://registry.npmjs.org/escodegen/-/escodegen-0.0.28.tgz",
                          "resolved": "https://registry.npmjs.org/escodegen/-/escodegen-0.0.28.tgz",
                          "dependencies": {
                            "esprima": {
                              "version": "1.0.4",
                              "from": "https://registry.npmjs.org/esprima/-/esprima-1.0.4.tgz",
                              "resolved": "https://registry.npmjs.org/esprima/-/esprima-1.0.4.tgz"
                            },
                            "estraverse": {
                              "version": "1.3.2",
                              "from": "https://registry.npmjs.org/estraverse/-/estraverse-1.3.2.tgz",
                              "resolved": "https://registry.npmjs.org/estraverse/-/estraverse-1.3.2.tgz"
                            },
                            "source-map": {
                              "version": "0.4.4",
                              "from": "https://registry.npmjs.org/source-map/-/source-map-0.4.4.tgz",
                              "resolved": "https://registry.npmjs.org/source-map/-/source-map-0.4.4.tgz",
                              "dependencies": {
                                "amdefine": {
                                  "version": "1.0.0",
                                  "from": "https://registry.npmjs.org/amdefine/-/amdefine-1.0.0.tgz",
                                  "resolved": "https://registry.npmjs.org/amdefine/-/amdefine-1.0.0.tgz"
                                }
                              }
                            }
                          }
                        }
                      }
                    },
                    "through2": {
                      "version": "0.4.2",
                      "from": "https://registry.npmjs.org/through2/-/through2-0.4.2.tgz",
                      "resolved": "https://registry.npmjs.org/through2/-/through2-0.4.2.tgz",
                      "dependencies": {
                        "xtend": {
                          "version": "2.1.2",
                          "from": "https://registry.npmjs.org/xtend/-/xtend-2.1.2.tgz",
                          "resolved": "https://registry.npmjs.org/xtend/-/xtend-2.1.2.tgz",
                          "dependencies": {
                            "object-keys": {
                              "version": "0.4.0",
                              "from": "https://registry.npmjs.org/object-keys/-/object-keys-0.4.0.tgz",
                              "resolved": "https://registry.npmjs.org/object-keys/-/object-keys-0.4.0.tgz"
                            }
                          }
                        }
                      }
                    }
                  }
                },
                "through2": {
                  "version": "2.0.0",
                  "from": "https://registry.npmjs.org/through2/-/through2-2.0.0.tgz",
                  "resolved": "https://registry.npmjs.org/through2/-/through2-2.0.0.tgz",
                  "dependencies": {
                    "readable-stream": {
                      "version": "2.0.2",
                      "from": "https://registry.npmjs.org/readable-stream/-/readable-stream-2.0.2.tgz",
                      "resolved": "https://registry.npmjs.org/readable-stream/-/readable-stream-2.0.2.tgz",
                      "dependencies": {
                        "core-util-is": {
                          "version": "1.0.1",
                          "from": "https://registry.npmjs.org/core-util-is/-/core-util-is-1.0.1.tgz",
                          "resolved": "https://registry.npmjs.org/core-util-is/-/core-util-is-1.0.1.tgz"
                        },
                        "inherits": {
                          "version": "2.0.1",
                          "from": "https://registry.npmjs.org/inherits/-/inherits-2.0.1.tgz",
                          "resolved": "https://registry.npmjs.org/inherits/-/inherits-2.0.1.tgz"
                        },
                        "isarray": {
                          "version": "0.0.1",
                          "from": "https://registry.npmjs.org/isarray/-/isarray-0.0.1.tgz",
                          "resolved": "https://registry.npmjs.org/isarray/-/isarray-0.0.1.tgz"
                        },
                        "process-nextick-args": {
                          "version": "1.0.2",
                          "from": "https://registry.npmjs.org/process-nextick-args/-/process-nextick-args-1.0.2.tgz",
                          "resolved": "https://registry.npmjs.org/process-nextick-args/-/process-nextick-args-1.0.2.tgz"
                        },
                        "string_decoder": {
                          "version": "0.10.31",
                          "from": "https://registry.npmjs.org/string_decoder/-/string_decoder-0.10.31.tgz",
                          "resolved": "https://registry.npmjs.org/string_decoder/-/string_decoder-0.10.31.tgz"
                        },
                        "util-deprecate": {
                          "version": "1.0.1",
                          "from": "https://registry.npmjs.org/util-deprecate/-/util-deprecate-1.0.1.tgz",
                          "resolved": "https://registry.npmjs.org/util-deprecate/-/util-deprecate-1.0.1.tgz"
                        }
                      }
                    }
                  }
                }
              }
            }
          }
        },
        "optimist": {
          "version": "0.3.7",
          "from": "http://registry.npmjs.org/optimist/-/optimist-0.3.7.tgz",
          "resolved": "http://registry.npmjs.org/optimist/-/optimist-0.3.7.tgz",
          "dependencies": {
            "wordwrap": {
              "version": "0.0.3",
              "from": "https://registry.npmjs.org/wordwrap/-/wordwrap-0.0.3.tgz",
              "resolved": "https://registry.npmjs.org/wordwrap/-/wordwrap-0.0.3.tgz"
            }
          }
        },
        "queue-async": {
          "version": "1.0.7",
          "from": "https://registry.npmjs.org/queue-async/-/queue-async-1.0.7.tgz",
          "resolved": "https://registry.npmjs.org/queue-async/-/queue-async-1.0.7.tgz"
        },
        "rw": {
          "version": "0.1.4",
          "from": "https://registry.npmjs.org/rw/-/rw-0.1.4.tgz",
          "resolved": "https://registry.npmjs.org/rw/-/rw-0.1.4.tgz"
        },
        "shapefile": {
          "version": "0.3.0",
          "from": "https://registry.npmjs.org/shapefile/-/shapefile-0.3.0.tgz",
          "resolved": "https://registry.npmjs.org/shapefile/-/shapefile-0.3.0.tgz",
          "dependencies": {
            "iconv-lite": {
              "version": "0.2.11",
              "from": "https://registry.npmjs.org/iconv-lite/-/iconv-lite-0.2.11.tgz",
              "resolved": "https://registry.npmjs.org/iconv-lite/-/iconv-lite-0.2.11.tgz"
            }
          }
        }
      }
    },
    "xtend": {
      "version": "4.0.0",
      "from": "xtend@>=4.0.0 <5.0.0",
      "resolved": "https://registry.npmjs.org/xtend/-/xtend-4.0.0.tgz"
    }
  }
}
